// !$*UTF8*$!
{
	archiveVersion = 1;
	classes = {
	};
	objectVersion = 50;
	objects = {

/* Begin PBXBuildFile section */
		8764C5FC2289FB3600376CB2 /* AppDelegate.swift in Sources */ = {isa = PBXBuildFile; fileRef = 8764C5FB2289FB3600376CB2 /* AppDelegate.swift */; };
		8764C5FE2289FB3600376CB2 /* ViewController.swift in Sources */ = {isa = PBXBuildFile; fileRef = 8764C5FD2289FB3600376CB2 /* ViewController.swift */; };
		8764C6012289FB3600376CB2 /* Main.storyboard in Resources */ = {isa = PBXBuildFile; fileRef = 8764C5FF2289FB3600376CB2 /* Main.storyboard */; };
		8764C6032289FB3900376CB2 /* Assets.xcassets in Resources */ = {isa = PBXBuildFile; fileRef = 8764C6022289FB3900376CB2 /* Assets.xcassets */; };
		8764C6062289FB3900376CB2 /* LaunchScreen.storyboard in Resources */ = {isa = PBXBuildFile; fileRef = 8764C6042289FB3900376CB2 /* LaunchScreen.storyboard */; };
		8793B819228EF89C00953012 /* Customs.swift in Sources */ = {isa = PBXBuildFile; fileRef = 8793B818228EF89C00953012 /* Customs.swift */; };
		8793B81B228EFE9400953012 /* SignUpViewController.swift in Sources */ = {isa = PBXBuildFile; fileRef = 8793B81A228EFE9400953012 /* SignUpViewController.swift */; };
		8793B81D228F08A800953012 /* HomeViewController.swift in Sources */ = {isa = PBXBuildFile; fileRef = 8793B81C228F08A800953012 /* HomeViewController.swift */; };
/* End PBXBuildFile section */

/* Begin PBXFileReference section */
		8764C5F82289FB3600376CB2 /* IDEA_login_template.app */ = {isa = PBXFileReference; explicitFileType = wrapper.application; includeInIndex = 0; path = IDEA_login_template.app; sourceTree = BUILT_PRODUCTS_DIR; };
		8764C5FB2289FB3600376CB2 /* AppDelegate.swift */ = {isa = PBXFileReference; lastKnownFileType = sourcecode.swift; path = AppDelegate.swift; sourceTree = "<group>"; };
		8764C5FD2289FB3600376CB2 /* ViewController.swift */ = {isa = PBXFileReference; lastKnownFileType = sourcecode.swift; path = ViewController.swift; sourceTree = "<group>"; };
		8764C6002289FB3600376CB2 /* Base */ = {isa = PBXFileReference; lastKnownFileType = file.storyboard; name = Base; path = Base.lproj/Main.storyboard; sourceTree = "<group>"; };
		8764C6022289FB3900376CB2 /* Assets.xcassets */ = {isa = PBXFileReference; lastKnownFileType = folder.assetcatalog; path = Assets.xcassets; sourceTree = "<group>"; };
		8764C6052289FB3900376CB2 /* Base */ = {isa = PBXFileReference; lastKnownFileType = file.storyboard; name = Base; path = Base.lproj/LaunchScreen.storyboard; sourceTree = "<group>"; };
		8764C6072289FB3900376CB2 /* Info.plist */ = {isa = PBXFileReference; lastKnownFileType = text.plist.xml; path = Info.plist; sourceTree = "<group>"; };
		8793B818228EF89C00953012 /* Customs.swift */ = {isa = PBXFileReference; lastKnownFileType = sourcecode.swift; path = Customs.swift; sourceTree = "<group>"; };
		8793B81A228EFE9400953012 /* SignUpViewController.swift */ = {isa = PBXFileReference; lastKnownFileType = sourcecode.swift; path = SignUpViewController.swift; sourceTree = "<group>"; };
		8793B81C228F08A800953012 /* HomeViewController.swift */ = {isa = PBXFileReference; lastKnownFileType = sourcecode.swift; path = HomeViewController.swift; sourceTree = "<group>"; };
/* End PBXFileReference section */

/* Begin PBXFrameworksBuildPhase section */
		8764C5F52289FB3600376CB2 /* Frameworks */ = {
			isa = PBXFrameworksBuildPhase;
			buildActionMask = 2147483647;
			files = (
			);
			runOnlyForDeploymentPostprocessing = 0;
		};
/* End PBXFrameworksBuildPhase section */

/* Begin PBXGroup section */
		8764C5EF2289FB3500376CB2 = {
			isa = PBXGroup;
			children = (
				8764C5FA2289FB3600376CB2 /* IDEA_login_template */,
				8764C5F92289FB3600376CB2 /* Products */,
			);
			sourceTree = "<group>";
		};
		8764C5F92289FB3600376CB2 /* Products */ = {
			isa = PBXGroup;
			children = (
				8764C5F82289FB3600376CB2 /* IDEA_login_template.app */,
			);
			name = Products;
			sourceTree = "<group>";
		};
		8764C5FA2289FB3600376CB2 /* IDEA_login_template */ = {
			isa = PBXGroup;
			children = (
				8764C5FB2289FB3600376CB2 /* AppDelegate.swift */,
				8764C5FD2289FB3600376CB2 /* ViewController.swift */,
				8793B81A228EFE9400953012 /* SignUpViewController.swift */,
				8793B81C228F08A800953012 /* HomeViewController.swift */,
				8793B818228EF89C00953012 /* Customs.swift */,
				8764C5FF2289FB3600376CB2 /* Main.storyboard */,
				8764C6022289FB3900376CB2 /* Assets.xcassets */,
				8764C6042289FB3900376CB2 /* LaunchScreen.storyboard */,
				8764C6072289FB3900376CB2 /* Info.plist */,
			);
			path = IDEA_login_template;
			sourceTree = "<group>";
		};
/* End PBXGroup section */

/* Begin PBXNativeTarget section */
		8764C5F72289FB3600376CB2 /* IDEA_login_template */ = {
			isa = PBXNativeTarget;
			buildConfigurationList = 8764C60A2289FB3900376CB2 /* Build configuration list for PBXNativeTarget "IDEA_login_template" */;
			buildPhases = (
				8764C5F42289FB3600376CB2 /* Sources */,
				8764C5F52289FB3600376CB2 /* Frameworks */,
				8764C5F62289FB3600376CB2 /* Resources */,
			);
			buildRules = (
			);
			dependencies = (
			);
			name = IDEA_login_template;
			productName = IDEA_login_template;
			productReference = 8764C5F82289FB3600376CB2 /* IDEA_login_template.app */;
			productType = "com.apple.product-type.application";
		};
/* End PBXNativeTarget section */

/* Begin PBXProject section */
		8764C5F02289FB3500376CB2 /* Project object */ = {
			isa = PBXProject;
			attributes = {
				LastSwiftUpdateCheck = 1020;
				LastUpgradeCheck = 1020;
				ORGANIZATIONNAME = "Omar Adel";
				TargetAttributes = {
					8764C5F72289FB3600376CB2 = {
						CreatedOnToolsVersion = 10.2;
					};
				};
			};
			buildConfigurationList = 8764C5F32289FB3600376CB2 /* Build configuration list for PBXProject "IDEA_login_template" */;
			compatibilityVersion = "Xcode 9.3";
			developmentRegion = en;
			hasScannedForEncodings = 0;
			knownRegions = (
				en,
				Base,
			);
			mainGroup = 8764C5EF2289FB3500376CB2;
			productRefGroup = 8764C5F92289FB3600376CB2 /* Products */;
			projectDirPath = "";
			projectRoot = "";
			targets = (
				8764C5F72289FB3600376CB2 /* IDEA_login_template */,
			);
		};
/* End PBXProject section */

/* Begin PBXResourcesBuildPhase section */
		8764C5F62289FB3600376CB2 /* Resources */ = {
			isa = PBXResourcesBuildPhase;
			buildActionMask = 2147483647;
			files = (
				8764C6062289FB3900376CB2 /* LaunchScreen.storyboard in Resources */,
				8764C6032289FB3900376CB2 /* Assets.xcassets in Resources */,
				8764C6012289FB3600376CB2 /* Main.storyboard in Resources */,
			);
			runOnlyForDeploymentPostprocessing = 0;
		};
/* End PBXResourcesBuildPhase section */

/* Begin PBXSourcesBuildPhase section */
		8764C5F42289FB3600376CB2 /* Sources */ = {
			isa = PBXSourcesBuildPhase;
			buildActionMask = 2147483647;
			files = (
				8793B81D228F08A800953012 /* HomeViewController.swift in Sources */,
				8764C5FE2289FB3600376CB2 /* ViewController.swift in Sources */,
				8793B819228EF89C00953012 /* Customs.swift in Sources */,
				8793B81B228EFE9400953012 /* SignUpViewController.swift in Sources */,
				8764C5FC2289FB3600376CB2 /* AppDelegate.swift in Sources */,
			);
			runOnlyForDeploymentPostprocessing = 0;
		};
/* End PBXSourcesBuildPhase section */

/* Begin PBXVariantGroup section */
		8764C5FF2289FB3600376CB2 /* Main.storyboard */ = {
			isa = PBXVariantGroup;
			children = (
				8764C6002289FB3600376CB2 /* Base */,
			);
			name = Main.storyboard;
			sourceTree = "<group>";
		};
		8764C6042289FB3900376CB2 /* LaunchScreen.storyboard */ = {
			isa = PBXVariantGroup;
			children = (
				8764C6052289FB3900376CB2 /* Base */,
			);
			name = LaunchScreen.storyboard;
			sourceTree = "<group>";
		};
/* End PBXVariantGroup section */

/* Begin XCBuildConfiguration section */
		8764C6082289FB3900376CB2 /* Debug */ = {
			isa = XCBuildConfiguration;
			buildSettings = {
				ALWAYS_SEARCH_USER_PATHS = NO;
				CLANG_ANALYZER_NONNULL = YES;
				CLANG_ANALYZER_NUMBER_OBJECT_CONVERSION = YES_AGGRESSIVE;
				CLANG_CXX_LANGUAGE_STANDARD = "gnu++14";
				CLANG_CXX_LIBRARY = "libc++";
				CLANG_ENABLE_MODULES = YES;
				CLANG_ENABLE_OBJC_ARC = YES;
				CLANG_ENABLE_OBJC_WEAK = YES;
				CLANG_WARN_BLOCK_CAPTURE_AUTORELEASING = YES;
				CLANG_WARN_BOOL_CONVERSION = YES;
				CLANG_WARN_COMMA = YES;
				CLANG_WARN_CONSTANT_CONVERSION = YES;
				CLANG_WARN_DEPRECATED_OBJC_IMPLEMENTATIONS = YES;
				CLANG_WARN_DIRECT_OBJC_ISA_USAGE = YES_ERROR;
				CLANG_WARN_DOCUMENTATION_COMMENTS = YES;
				CLANG_WARN_EMPTY_BODY = YES;
				CLANG_WARN_ENUM_CONVERSION = YES;
				CLANG_WARN_INFINITE_RECURSION = YES;
				CLANG_WARN_INT_CONVERSION = YES;
				CLANG_WARN_NON_LITERAL_NULL_CONVERSION = YES;
				CLANG_WARN_OBJC_IMPLICIT_RETAIN_SELF = YES;
				CLANG_WARN_OBJC_LITERAL_CONVERSION = YES;
				CLANG_WARN_OBJC_ROOT_CLASS = YES_ERROR;
				CLANG_WARN_RANGE_LOOP_ANALYSIS = YES;
				CLANG_WARN_STRICT_PROTOTYPES = YES;
				CLANG_WARN_SUSPICIOUS_MOVE = YES;
				CLANG_WARN_UNGUARDED_AVAILABILITY = YES_AGGRESSIVE;
				CLANG_WARN_UNREACHABLE_CODE = YES;
				CLANG_WARN__DUPLICATE_METHOD_MATCH = YES;
				CODE_SIGN_IDENTITY = "iPhone Developer";
				COPY_PHASE_STRIP = NO;
				DEBUG_INFORMATION_FORMAT = dwarf;
				ENABLE_STRICT_OBJC_MSGSEND = YES;
				ENABLE_TESTABILITY = YES;
				GCC_C_LANGUAGE_STANDARD = gnu11;
				GCC_DYNAMIC_NO_PIC = NO;
				GCC_NO_COMMON_BLOCKS = YES;
				GCC_OPTIMIZATION_LEVEL = 0;
				GCC_PREPROCESSOR_DEFINITIONS = (
					"DEBUG=1",
					"$(inherited)",
				);
				GCC_WARN_64_TO_32_BIT_CONVERSION = YES;
				GCC_WARN_ABOUT_RETURN_TYPE = YES_ERROR;
				GCC_WARN_UNDECLARED_SELECTOR = YES;
				GCC_WARN_UNINITIALIZED_AUTOS = YES_AGGRESSIVE;
				GCC_WARN_UNUSED_FUNCTION = YES;
				GCC_WARN_UNUSED_VARIABLE = YES;
				IPHONEOS_DEPLOYMENT_TARGET = 12.2;
				MTL_ENABLE_DEBUG_INFO = INCLUDE_SOURCE;
				MTL_FAST_MATH = YES;
				ONLY_ACTIVE_ARCH = YES;
				SDKROOT = iphoneos;
				SWIFT_ACTIVE_COMPILATION_CONDITIONS = DEBUG;
				SWIFT_OPTIMIZATION_LEVEL = "-Onone";
			};
			name = Debug;
		};
		8764C6092289FB3900376CB2 /* Release */ = {
			isa = XCBuildConfiguration;
			buildSettings = {
				ALWAYS_SEARCH_USER_PATHS = NO;
				CLANG_ANALYZER_NONNULL = YES;
				CLANG_ANALYZER_NUMBER_OBJECT_CONVERSION = YES_AGGRESSIVE;
				CLANG_CXX_LANGUAGE_STANDARD = "gnu++14";
				CLANG_CXX_LIBRARY = "libc++";
				CLANG_ENABLE_MODULES = YES;
				CLANG_ENABLE_OBJC_ARC = YES;
				CLANG_ENABLE_OBJC_WEAK = YES;
				CLANG_WARN_BLOCK_CAPTURE_AUTORELEASING = YES;
				CLANG_WARN_BOOL_CONVERSION = YES;
				CLANG_WARN_COMMA = YES;
				CLANG_WARN_CONSTANT_CONVERSION = YES;
				CLANG_WARN_DEPRECATED_OBJC_IMPLEMENTATIONS = YES;
				CLANG_WARN_DIRECT_OBJC_ISA_USAGE = YES_ERROR;
				CLANG_WARN_DOCUMENTATION_COMMENTS = YES;
				CLANG_WARN_EMPTY_BODY = YES;
				CLANG_WARN_ENUM_CONVERSION = YES;
				CLANG_WARN_INFINITE_RECURSION = YES;
				CLANG_WARN_INT_CONVERSION = YES;
				CLANG_WARN_NON_LITERAL_NULL_CONVERSION = YES;
				CLANG_WARN_OBJC_IMPLICIT_RETAIN_SELF = YES;
				CLANG_WARN_OBJC_LITERAL_CONVERSION = YES;
				CLANG_WARN_OBJC_ROOT_CLASS = YES_ERROR;
				CLANG_WARN_RANGE_LOOP_ANALYSIS = YES;
				CLANG_WARN_STRICT_PROTOTYPES = YES;
				CLANG_WARN_SUSPICIOUS_MOVE = YES;
				CLANG_WARN_UNGUARDED_AVAILABILITY = YES_AGGRESSIVE;
				CLANG_WARN_UNREACHABLE_CODE = YES;
				CLANG_WARN__DUPLICATE_METHOD_MATCH = YES;
				CODE_SIGN_IDENTITY = "iPhone Developer";
				COPY_PHASE_STRIP = NO;
				DEBUG_INFORMATION_FORMAT = "dwarf-with-dsym";
				ENABLE_NS_ASSERTIONS = NO;
				ENABLE_STRICT_OBJC_MSGSEND = YES;
				GCC_C_LANGUAGE_STANDARD = gnu11;
				GCC_NO_COMMON_BLOCKS = YES;
				GCC_WARN_64_TO_32_BIT_CONVERSION = YES;
				GCC_WARN_ABOUT_RETURN_TYPE = YES_ERROR;
				GCC_WARN_UNDECLARED_SELECTOR = YES;
				GCC_WARN_UNINITIALIZED_AUTOS = YES_AGGRESSIVE;
				GCC_WARN_UNUSED_FUNCTION = YES;
				GCC_WARN_UNUSED_VARIABLE = YES;
				IPHONEOS_DEPLOYMENT_TARGET = 12.2;
				MTL_ENABLE_DEBUG_INFO = NO;
				MTL_FAST_MATH = YES;
				SDKROOT = iphoneos;
				SWIFT_COMPILATION_MODE = wholemodule;
				SWIFT_OPTIMIZATION_LEVEL = "-O";
				VALIDATE_PRODUCT = YES;
			};
			name = Release;
		};
		8764C60B2289FB3900376CB2 /* Debug */ = {
			isa = XCBuildConfiguration;
			buildSettings = {
				ASSETCATALOG_COMPILER_APPICON_NAME = "AppIcon-1";
				CODE_SIGN_STYLE = Automatic;
				DEVELOPMENT_TEAM = R276Q56KP2;
				INFOPLIST_FILE = IDEA_login_template/Info.plist;
				LD_RUNPATH_SEARCH_PATHS = (
					"$(inherited)",
					"@executable_path/Frameworks",
				);
				PRODUCT_BUNDLE_IDENTIFIER = "com.oadl.IDEA-login-template";
				PRODUCT_NAME = "$(TARGET_NAME)";
				SWIFT_VERSION = 5.0;
				TARGETED_DEVICE_FAMILY = "1,2";
			};
			name = Debug;
		};
		8764C60C2289FB3900376CB2 /* Release */ = {
			isa = XCBuildConfiguration;
			buildSettings = {
				ASSETCATALOG_COMPILER_APPICON_NAME = "AppIcon-1";
				CODE_SIGN_STYLE = Automatic;
				DEVELOPMENT_TEAM = R276Q56KP2;
				INFOPLIST_FILE = IDEA_login_template/Info.plist;
				LD_RUNPATH_SEARCH_PATHS = (
					"$(inherited)",
					"@executable_path/Frameworks",
				);
				PRODUCT_BUNDLE_IDENTIFIER = "com.oadl.IDEA-login-template";
				PRODUCT_NAME = "$(TARGET_NAME)";
				SWIFT_VERSION = 5.0;
				TARGETED_DEVICE_FAMILY = "1,2";
			};
			name = Release;
		};
/* End XCBuildConfiguration section */

/* Begin XCConfigurationList section */
		8764C5F32289FB3600376CB2 /* Build configuration list for PBXProject "IDEA_login_template" */ = {
			isa = XCConfigurationList;
			buildConfigurations = (
				8764C6082289FB3900376CB2 /* Debug */,
				8764C6092289FB3900376CB2 /* Release */,
			);
			defaultConfigurationIsVisible = 0;
			defaultConfigurationName = Release;
		};
		8764C60A2289FB3900376CB2 /* Build configuration list for PBXNativeTarget "IDEA_login_template" */ = {
			isa = XCConfigurationList;
			buildConfigurations = (
				8764C60B2289FB3900376CB2 /* Debug */,
				8764C60C2289FB3900376CB2 /* Release */,
			);
			defaultConfigurationIsVisible = 0;
			defaultConfigurationName = Release;
		};
/* End XCConfigurationList section */
	};
	rootObject = 8764C5F02289FB3500376CB2 /* Project object */;
}
