// !$*UTF8*$!
{
	archiveVersion = 1;
	classes = {
	};
	objectVersion = 50;
	objects = {

/* Begin PBXBuildFile section */
		877F845922DBAE430066122A /* AppDelegate.swift in Sources */ = {isa = PBXBuildFile; fileRef = 877F845822DBAE430066122A /* AppDelegate.swift */; };
		877F845B22DBAE430066122A /* ViewController.swift in Sources */ = {isa = PBXBuildFile; fileRef = 877F845A22DBAE430066122A /* ViewController.swift */; };
		877F845E22DBAE430066122A /* Main.storyboard in Resources */ = {isa = PBXBuildFile; fileRef = 877F845C22DBAE430066122A /* Main.storyboard */; };
		877F846022DBAE450066122A /* Assets.xcassets in Resources */ = {isa = PBXBuildFile; fileRef = 877F845F22DBAE450066122A /* Assets.xcassets */; };
		877F846322DBAE450066122A /* LaunchScreen.storyboard in Resources */ = {isa = PBXBuildFile; fileRef = 877F846122DBAE450066122A /* LaunchScreen.storyboard */; };
		877F846B22DBAE700066122A /* URLRequestBuilder.swift in Sources */ = {isa = PBXBuildFile; fileRef = 877F846A22DBAE700066122A /* URLRequestBuilder.swift */; };
		877F846D22DBB7150066122A /* APIRequestHandler.swift in Sources */ = {isa = PBXBuildFile; fileRef = 877F846C22DBB7150066122A /* APIRequestHandler.swift */; };
		9F50A703CE86C64EE6690F88 /* Pods_IDEA_NetworkHandler.framework in Frameworks */ = {isa = PBXBuildFile; fileRef = A2C559CEF9B9269DA5EF7DBD /* Pods_IDEA_NetworkHandler.framework */; };
/* End PBXBuildFile section */

/* Begin PBXFileReference section */
		04B5E39B350D79CB7A88FDD3 /* Pods-IDEA_NetworkHandler.release.xcconfig */ = {isa = PBXFileReference; includeInIndex = 1; lastKnownFileType = text.xcconfig; name = "Pods-IDEA_NetworkHandler.release.xcconfig"; path = "Pods/Target Support Files/Pods-IDEA_NetworkHandler/Pods-IDEA_NetworkHandler.release.xcconfig"; sourceTree = "<group>"; };
		79B95FDC9348D6126BAC26C1 /* Pods-IDEA_NetworkHandler.debug.xcconfig */ = {isa = PBXFileReference; includeInIndex = 1; lastKnownFileType = text.xcconfig; name = "Pods-IDEA_NetworkHandler.debug.xcconfig"; path = "Pods/Target Support Files/Pods-IDEA_NetworkHandler/Pods-IDEA_NetworkHandler.debug.xcconfig"; sourceTree = "<group>"; };
		877F845522DBAE430066122A /* IDEA_NetworkHandler.app */ = {isa = PBXFileReference; explicitFileType = wrapper.application; includeInIndex = 0; path = IDEA_NetworkHandler.app; sourceTree = BUILT_PRODUCTS_DIR; };
		877F845822DBAE430066122A /* AppDelegate.swift */ = {isa = PBXFileReference; lastKnownFileType = sourcecode.swift; path = AppDelegate.swift; sourceTree = "<group>"; };
		877F845A22DBAE430066122A /* ViewController.swift */ = {isa = PBXFileReference; lastKnownFileType = sourcecode.swift; path = ViewController.swift; sourceTree = "<group>"; };
		877F845D22DBAE430066122A /* Base */ = {isa = PBXFileReference; lastKnownFileType = file.storyboard; name = Base; path = Base.lproj/Main.storyboard; sourceTree = "<group>"; };
		877F845F22DBAE450066122A /* Assets.xcassets */ = {isa = PBXFileReference; lastKnownFileType = folder.assetcatalog; path = Assets.xcassets; sourceTree = "<group>"; };
		877F846222DBAE450066122A /* Base */ = {isa = PBXFileReference; lastKnownFileType = file.storyboard; name = Base; path = Base.lproj/LaunchScreen.storyboard; sourceTree = "<group>"; };
		877F846422DBAE450066122A /* Info.plist */ = {isa = PBXFileReference; lastKnownFileType = text.plist.xml; path = Info.plist; sourceTree = "<group>"; };
		877F846A22DBAE700066122A /* URLRequestBuilder.swift */ = {isa = PBXFileReference; lastKnownFileType = sourcecode.swift; path = URLRequestBuilder.swift; sourceTree = "<group>"; };
		877F846C22DBB7150066122A /* APIRequestHandler.swift */ = {isa = PBXFileReference; lastKnownFileType = sourcecode.swift; path = APIRequestHandler.swift; sourceTree = "<group>"; };
		A2C559CEF9B9269DA5EF7DBD /* Pods_IDEA_NetworkHandler.framework */ = {isa = PBXFileReference; explicitFileType = wrapper.framework; includeInIndex = 0; path = Pods_IDEA_NetworkHandler.framework; sourceTree = BUILT_PRODUCTS_DIR; };
/* End PBXFileReference section */

/* Begin PBXFrameworksBuildPhase section */
		877F845222DBAE430066122A /* Frameworks */ = {
			isa = PBXFrameworksBuildPhase;
			buildActionMask = 2147483647;
			files = (
				9F50A703CE86C64EE6690F88 /* Pods_IDEA_NetworkHandler.framework in Frameworks */,
			);
			runOnlyForDeploymentPostprocessing = 0;
		};
/* End PBXFrameworksBuildPhase section */

/* Begin PBXGroup section */
		877F844C22DBAE420066122A = {
			isa = PBXGroup;
			children = (
				877F845722DBAE430066122A /* IDEA_NetworkHandler */,
				877F845622DBAE430066122A /* Products */,
				8D23066E172DE78E5DA4AC14 /* Pods */,
				F69F87AC37B94CF74ADC0807 /* Frameworks */,
			);
			sourceTree = "<group>";
		};
		877F845622DBAE430066122A /* Products */ = {
			isa = PBXGroup;
			children = (
				877F845522DBAE430066122A /* IDEA_NetworkHandler.app */,
			);
			name = Products;
			sourceTree = "<group>";
		};
		877F845722DBAE430066122A /* IDEA_NetworkHandler */ = {
			isa = PBXGroup;
			children = (
				877F845822DBAE430066122A /* AppDelegate.swift */,
				877F845A22DBAE430066122A /* ViewController.swift */,
				877F846A22DBAE700066122A /* URLRequestBuilder.swift */,
				877F846C22DBB7150066122A /* APIRequestHandler.swift */,
				877F845C22DBAE430066122A /* Main.storyboard */,
				877F845F22DBAE450066122A /* Assets.xcassets */,
				877F846122DBAE450066122A /* LaunchScreen.storyboard */,
				877F846422DBAE450066122A /* Info.plist */,
			);
			path = IDEA_NetworkHandler;
			sourceTree = "<group>";
		};
		8D23066E172DE78E5DA4AC14 /* Pods */ = {
			isa = PBXGroup;
			children = (
				79B95FDC9348D6126BAC26C1 /* Pods-IDEA_NetworkHandler.debug.xcconfig */,
				04B5E39B350D79CB7A88FDD3 /* Pods-IDEA_NetworkHandler.release.xcconfig */,
			);
			name = Pods;
			sourceTree = "<group>";
		};
		F69F87AC37B94CF74ADC0807 /* Frameworks */ = {
			isa = PBXGroup;
			children = (
				A2C559CEF9B9269DA5EF7DBD /* Pods_IDEA_NetworkHandler.framework */,
			);
			name = Frameworks;
			sourceTree = "<group>";
		};
/* End PBXGroup section */

/* Begin PBXNativeTarget section */
		877F845422DBAE430066122A /* IDEA_NetworkHandler */ = {
			isa = PBXNativeTarget;
			buildConfigurationList = 877F846722DBAE450066122A /* Build configuration list for PBXNativeTarget "IDEA_NetworkHandler" */;
			buildPhases = (
				5530A6B8DD522DFA20849337 /* [CP] Check Pods Manifest.lock */,
				877F845122DBAE430066122A /* Sources */,
				877F845222DBAE430066122A /* Frameworks */,
				877F845322DBAE430066122A /* Resources */,
				5C59404227EF682EB8482D9C /* [CP] Embed Pods Frameworks */,
			);
			buildRules = (
			);
			dependencies = (
			);
			name = IDEA_NetworkHandler;
			productName = IDEA_NetworkHandler;
			productReference = 877F845522DBAE430066122A /* IDEA_NetworkHandler.app */;
			productType = "com.apple.product-type.application";
		};
/* End PBXNativeTarget section */

/* Begin PBXProject section */
		877F844D22DBAE420066122A /* Project object */ = {
			isa = PBXProject;
			attributes = {
				LastSwiftUpdateCheck = 1020;
				LastUpgradeCheck = 1020;
				ORGANIZATIONNAME = "Omar Adel";
				TargetAttributes = {
					877F845422DBAE430066122A = {
						CreatedOnToolsVersion = 10.2;
					};
				};
			};
			buildConfigurationList = 877F845022DBAE420066122A /* Build configuration list for PBXProject "IDEA_NetworkHandler" */;
			compatibilityVersion = "Xcode 9.3";
			developmentRegion = en;
			hasScannedForEncodings = 0;
			knownRegions = (
				en,
				Base,
			);
			mainGroup = 877F844C22DBAE420066122A;
			productRefGroup = 877F845622DBAE430066122A /* Products */;
			projectDirPath = "";
			projectRoot = "";
			targets = (
				877F845422DBAE430066122A /* IDEA_NetworkHandler */,
			);
		};
/* End PBXProject section */

/* Begin PBXResourcesBuildPhase section */
		877F845322DBAE430066122A /* Resources */ = {
			isa = PBXResourcesBuildPhase;
			buildActionMask = 2147483647;
			files = (
				877F846322DBAE450066122A /* LaunchScreen.storyboard in Resources */,
				877F846022DBAE450066122A /* Assets.xcassets in Resources */,
				877F845E22DBAE430066122A /* Main.storyboard in Resources */,
			);
			runOnlyForDeploymentPostprocessing = 0;
		};
/* End PBXResourcesBuildPhase section */

/* Begin PBXShellScriptBuildPhase section */
		5530A6B8DD522DFA20849337 /* [CP] Check Pods Manifest.lock */ = {
			isa = PBXShellScriptBuildPhase;
			buildActionMask = 2147483647;
			files = (
			);
			inputPaths = (
				"${PODS_PODFILE_DIR_PATH}/Podfile.lock",
				"${PODS_ROOT}/Manifest.lock",
			);
			name = "[CP] Check Pods Manifest.lock";
			outputPaths = (
				"$(DERIVED_FILE_DIR)/Pods-IDEA_NetworkHandler-checkManifestLockResult.txt",
			);
			runOnlyForDeploymentPostprocessing = 0;
			shellPath = /bin/sh;
			shellScript = "diff \"${PODS_PODFILE_DIR_PATH}/Podfile.lock\" \"${PODS_ROOT}/Manifest.lock\" > /dev/null\nif [ $? != 0 ] ; then\n    # print error to STDERR\n    echo \"error: The sandbox is not in sync with the Podfile.lock. Run 'pod install' or update your CocoaPods installation.\" >&2\n    exit 1\nfi\n# This output is used by Xcode 'outputs' to avoid re-running this script phase.\necho \"SUCCESS\" > \"${SCRIPT_OUTPUT_FILE_0}\"\n";
			showEnvVarsInLog = 0;
		};
		5C59404227EF682EB8482D9C /* [CP] Embed Pods Frameworks */ = {
			isa = PBXShellScriptBuildPhase;
			buildActionMask = 2147483647;
			files = (
			);
			inputPaths = (
				"${SRCROOT}/Pods/Target Support Files/Pods-IDEA_NetworkHandler/Pods-IDEA_NetworkHandler-frameworks.sh",
				"${BUILT_PRODUCTS_DIR}/Alamofire/Alamofire.framework",
			);
			name = "[CP] Embed Pods Frameworks";
			outputPaths = (
				"${TARGET_BUILD_DIR}/${FRAMEWORKS_FOLDER_PATH}/Alamofire.framework",
			);
			runOnlyForDeploymentPostprocessing = 0;
			shellPath = /bin/sh;
			shellScript = "\"${SRCROOT}/Pods/Target Support Files/Pods-IDEA_NetworkHandler/Pods-IDEA_NetworkHandler-frameworks.sh\"\n";
			showEnvVarsInLog = 0;
		};
/* End PBXShellScriptBuildPhase section */

/* Begin PBXSourcesBuildPhase section */
		877F845122DBAE430066122A /* Sources */ = {
			isa = PBXSourcesBuildPhase;
			buildActionMask = 2147483647;
			files = (
				877F845B22DBAE430066122A /* ViewController.swift in Sources */,
				877F845922DBAE430066122A /* AppDelegate.swift in Sources */,
				877F846B22DBAE700066122A /* URLRequestBuilder.swift in Sources */,
				877F846D22DBB7150066122A /* APIRequestHandler.swift in Sources */,
			);
			runOnlyForDeploymentPostprocessing = 0;
		};
/* End PBXSourcesBuildPhase section */

/* Begin PBXVariantGroup section */
		877F845C22DBAE430066122A /* Main.storyboard */ = {
			isa = PBXVariantGroup;
			children = (
				877F845D22DBAE430066122A /* Base */,
			);
			name = Main.storyboard;
			sourceTree = "<group>";
		};
		877F846122DBAE450066122A /* LaunchScreen.storyboard */ = {
			isa = PBXVariantGroup;
			children = (
				877F846222DBAE450066122A /* Base */,
			);
			name = LaunchScreen.storyboard;
			sourceTree = "<group>";
		};
/* End PBXVariantGroup section */

/* Begin XCBuildConfiguration section */
		877F846522DBAE450066122A /* Debug */ = {
			isa = XCBuildConfiguration;
			buildSettings = {
				ALWAYS_SEARCH_USER_PATHS = NO;
				CLANG_ANALYZER_NONNULL = YES;
				CLANG_ANALYZER_NUMBER_OBJECT_CONVERSION = YES_AGGRESSIVE;
				CLANG_CXX_LANGUAGE_STANDARD = "gnu++14";
				CLANG_CXX_LIBRARY = "libc++";
				CLANG_ENABLE_MODULES = YES;
				CLANG_ENABLE_OBJC_ARC = YES;
				CLANG_ENABLE_OBJC_WEAK = YES;
				CLANG_WARN_BLOCK_CAPTURE_AUTORELEASING = YES;
				CLANG_WARN_BOOL_CONVERSION = YES;
				CLANG_WARN_COMMA = YES;
				CLANG_WARN_CONSTANT_CONVERSION = YES;
				CLANG_WARN_DEPRECATED_OBJC_IMPLEMENTATIONS = YES;
				CLANG_WARN_DIRECT_OBJC_ISA_USAGE = YES_ERROR;
				CLANG_WARN_DOCUMENTATION_COMMENTS = YES;
				CLANG_WARN_EMPTY_BODY = YES;
				CLANG_WARN_ENUM_CONVERSION = YES;
				CLANG_WARN_INFINITE_RECURSION = YES;
				CLANG_WARN_INT_CONVERSION = YES;
				CLANG_WARN_NON_LITERAL_NULL_CONVERSION = YES;
				CLANG_WARN_OBJC_IMPLICIT_RETAIN_SELF = YES;
				CLANG_WARN_OBJC_LITERAL_CONVERSION = YES;
				CLANG_WARN_OBJC_ROOT_CLASS = YES_ERROR;
				CLANG_WARN_RANGE_LOOP_ANALYSIS = YES;
				CLANG_WARN_STRICT_PROTOTYPES = YES;
				CLANG_WARN_SUSPICIOUS_MOVE = YES;
				CLANG_WARN_UNGUARDED_AVAILABILITY = YES_AGGRESSIVE;
				CLANG_WARN_UNREACHABLE_CODE = YES;
				CLANG_WARN__DUPLICATE_METHOD_MATCH = YES;
				CODE_SIGN_IDENTITY = "iPhone Developer";
				COPY_PHASE_STRIP = NO;
				DEBUG_INFORMATION_FORMAT = dwarf;
				ENABLE_STRICT_OBJC_MSGSEND = YES;
				ENABLE_TESTABILITY = YES;
				GCC_C_LANGUAGE_STANDARD = gnu11;
				GCC_DYNAMIC_NO_PIC = NO;
				GCC_NO_COMMON_BLOCKS = YES;
				GCC_OPTIMIZATION_LEVEL = 0;
				GCC_PREPROCESSOR_DEFINITIONS = (
					"DEBUG=1",
					"$(inherited)",
				);
				GCC_WARN_64_TO_32_BIT_CONVERSION = YES;
				GCC_WARN_ABOUT_RETURN_TYPE = YES_ERROR;
				GCC_WARN_UNDECLARED_SELECTOR = YES;
				GCC_WARN_UNINITIALIZED_AUTOS = YES_AGGRESSIVE;
				GCC_WARN_UNUSED_FUNCTION = YES;
				GCC_WARN_UNUSED_VARIABLE = YES;
				IPHONEOS_DEPLOYMENT_TARGET = 12.2;
				MTL_ENABLE_DEBUG_INFO = INCLUDE_SOURCE;
				MTL_FAST_MATH = YES;
				ONLY_ACTIVE_ARCH = YES;
				SDKROOT = iphoneos;
				SWIFT_ACTIVE_COMPILATION_CONDITIONS = DEBUG;
				SWIFT_OPTIMIZATION_LEVEL = "-Onone";
			};
			name = Debug;
		};
		877F846622DBAE450066122A /* Release */ = {
			isa = XCBuildConfiguration;
			buildSettings = {
				ALWAYS_SEARCH_USER_PATHS = NO;
				CLANG_ANALYZER_NONNULL = YES;
				CLANG_ANALYZER_NUMBER_OBJECT_CONVERSION = YES_AGGRESSIVE;
				CLANG_CXX_LANGUAGE_STANDARD = "gnu++14";
				CLANG_CXX_LIBRARY = "libc++";
				CLANG_ENABLE_MODULES = YES;
				CLANG_ENABLE_OBJC_ARC = YES;
				CLANG_ENABLE_OBJC_WEAK = YES;
				CLANG_WARN_BLOCK_CAPTURE_AUTORELEASING = YES;
				CLANG_WARN_BOOL_CONVERSION = YES;
				CLANG_WARN_COMMA = YES;
				CLANG_WARN_CONSTANT_CONVERSION = YES;
				CLANG_WARN_DEPRECATED_OBJC_IMPLEMENTATIONS = YES;
				CLANG_WARN_DIRECT_OBJC_ISA_USAGE = YES_ERROR;
				CLANG_WARN_DOCUMENTATION_COMMENTS = YES;
				CLANG_WARN_EMPTY_BODY = YES;
				CLANG_WARN_ENUM_CONVERSION = YES;
				CLANG_WARN_INFINITE_RECURSION = YES;
				CLANG_WARN_INT_CONVERSION = YES;
				CLANG_WARN_NON_LITERAL_NULL_CONVERSION = YES;
				CLANG_WARN_OBJC_IMPLICIT_RETAIN_SELF = YES;
				CLANG_WARN_OBJC_LITERAL_CONVERSION = YES;
				CLANG_WARN_OBJC_ROOT_CLASS = YES_ERROR;
				CLANG_WARN_RANGE_LOOP_ANALYSIS = YES;
				CLANG_WARN_STRICT_PROTOTYPES = YES;
				CLANG_WARN_SUSPICIOUS_MOVE = YES;
				CLANG_WARN_UNGUARDED_AVAILABILITY = YES_AGGRESSIVE;
				CLANG_WARN_UNREACHABLE_CODE = YES;
				CLANG_WARN__DUPLICATE_METHOD_MATCH = YES;
				CODE_SIGN_IDENTITY = "iPhone Developer";
				COPY_PHASE_STRIP = NO;
				DEBUG_INFORMATION_FORMAT = "dwarf-with-dsym";
				ENABLE_NS_ASSERTIONS = NO;
				ENABLE_STRICT_OBJC_MSGSEND = YES;
				GCC_C_LANGUAGE_STANDARD = gnu11;
				GCC_NO_COMMON_BLOCKS = YES;
				GCC_WARN_64_TO_32_BIT_CONVERSION = YES;
				GCC_WARN_ABOUT_RETURN_TYPE = YES_ERROR;
				GCC_WARN_UNDECLARED_SELECTOR = YES;
				GCC_WARN_UNINITIALIZED_AUTOS = YES_AGGRESSIVE;
				GCC_WARN_UNUSED_FUNCTION = YES;
				GCC_WARN_UNUSED_VARIABLE = YES;
				IPHONEOS_DEPLOYMENT_TARGET = 12.2;
				MTL_ENABLE_DEBUG_INFO = NO;
				MTL_FAST_MATH = YES;
				SDKROOT = iphoneos;
				SWIFT_COMPILATION_MODE = wholemodule;
				SWIFT_OPTIMIZATION_LEVEL = "-O";
				VALIDATE_PRODUCT = YES;
			};
			name = Release;
		};
		877F846822DBAE450066122A /* Debug */ = {
			isa = XCBuildConfiguration;
			baseConfigurationReference = 79B95FDC9348D6126BAC26C1 /* Pods-IDEA_NetworkHandler.debug.xcconfig */;
			buildSettings = {
				ASSETCATALOG_COMPILER_APPICON_NAME = AppIcon;
				CODE_SIGN_STYLE = Automatic;
				DEVELOPMENT_TEAM = R276Q56KP2;
				INFOPLIST_FILE = IDEA_NetworkHandler/Info.plist;
				LD_RUNPATH_SEARCH_PATHS = (
					"$(inherited)",
					"@executable_path/Frameworks",
				);
				PRODUCT_BUNDLE_IDENTIFIER = "com.oadl.IDEA-NetworkHandler";
				PRODUCT_NAME = "$(TARGET_NAME)";
				SWIFT_VERSION = 5.0;
				TARGETED_DEVICE_FAMILY = "1,2";
			};
			name = Debug;
		};
		877F846922DBAE450066122A /* Release */ = {
			isa = XCBuildConfiguration;
			baseConfigurationReference = 04B5E39B350D79CB7A88FDD3 /* Pods-IDEA_NetworkHandler.release.xcconfig */;
			buildSettings = {
				ASSETCATALOG_COMPILER_APPICON_NAME = AppIcon;
				CODE_SIGN_STYLE = Automatic;
				DEVELOPMENT_TEAM = R276Q56KP2;
				INFOPLIST_FILE = IDEA_NetworkHandler/Info.plist;
				LD_RUNPATH_SEARCH_PATHS = (
					"$(inherited)",
					"@executable_path/Frameworks",
				);
				PRODUCT_BUNDLE_IDENTIFIER = "com.oadl.IDEA-NetworkHandler";
				PRODUCT_NAME = "$(TARGET_NAME)";
				SWIFT_VERSION = 5.0;
				TARGETED_DEVICE_FAMILY = "1,2";
			};
			name = Release;
		};
/* End XCBuildConfiguration section */

/* Begin XCConfigurationList section */
		877F845022DBAE420066122A /* Build configuration list for PBXProject "IDEA_NetworkHandler" */ = {
			isa = XCConfigurationList;
			buildConfigurations = (
				877F846522DBAE450066122A /* Debug */,
				877F846622DBAE450066122A /* Release */,
			);
			defaultConfigurationIsVisible = 0;
			defaultConfigurationName = Release;
		};
		877F846722DBAE450066122A /* Build configuration list for PBXNativeTarget "IDEA_NetworkHandler" */ = {
			isa = XCConfigurationList;
			buildConfigurations = (
				877F846822DBAE450066122A /* Debug */,
				877F846922DBAE450066122A /* Release */,
			);
			defaultConfigurationIsVisible = 0;
			defaultConfigurationName = Release;
		};
/* End XCConfigurationList section */
	};
	rootObject = 877F844D22DBAE420066122A /* Project object */;
}
