// !$*UTF8*$!
{
	archiveVersion = 1;
	classes = {
	};
	objectVersion = 50;
	objects = {

/* Begin PBXBuildFile section */
		046741052C9C203AE87C9B40 /* Pods_IDEA_WeatherApp.framework in Frameworks */ = {isa = PBXBuildFile; fileRef = 9F8344EDAAF8A11384F4C54C /* Pods_IDEA_WeatherApp.framework */; };
		87F53E5F22B11AE400F1C591 /* AppDelegate.swift in Sources */ = {isa = PBXBuildFile; fileRef = 87F53E5E22B11AE400F1C591 /* AppDelegate.swift */; };
		87F53E6122B11AE400F1C591 /* ViewController.swift in Sources */ = {isa = PBXBuildFile; fileRef = 87F53E6022B11AE400F1C591 /* ViewController.swift */; };
		87F53E6422B11AE400F1C591 /* Main.storyboard in Resources */ = {isa = PBXBuildFile; fileRef = 87F53E6222B11AE400F1C591 /* Main.storyboard */; };
		87F53E6622B11AE700F1C591 /* Assets.xcassets in Resources */ = {isa = PBXBuildFile; fileRef = 87F53E6522B11AE700F1C591 /* Assets.xcassets */; };
		87F53E6922B11AE700F1C591 /* LaunchScreen.storyboard in Resources */ = {isa = PBXBuildFile; fileRef = 87F53E6722B11AE700F1C591 /* LaunchScreen.storyboard */; };
		87F53E7122B1374600F1C591 /* WeatherModel.swift in Sources */ = {isa = PBXBuildFile; fileRef = 87F53E7022B1374600F1C591 /* WeatherModel.swift */; };
/* End PBXBuildFile section */

/* Begin PBXFileReference section */
		7E007607D57AC99BD3793072 /* Pods-IDEA_WeatherApp.debug.xcconfig */ = {isa = PBXFileReference; includeInIndex = 1; lastKnownFileType = text.xcconfig; name = "Pods-IDEA_WeatherApp.debug.xcconfig"; path = "Pods/Target Support Files/Pods-IDEA_WeatherApp/Pods-IDEA_WeatherApp.debug.xcconfig"; sourceTree = "<group>"; };
		87F53E5B22B11AE400F1C591 /* IDEA_WeatherApp.app */ = {isa = PBXFileReference; explicitFileType = wrapper.application; includeInIndex = 0; path = IDEA_WeatherApp.app; sourceTree = BUILT_PRODUCTS_DIR; };
		87F53E5E22B11AE400F1C591 /* AppDelegate.swift */ = {isa = PBXFileReference; lastKnownFileType = sourcecode.swift; path = AppDelegate.swift; sourceTree = "<group>"; };
		87F53E6022B11AE400F1C591 /* ViewController.swift */ = {isa = PBXFileReference; lastKnownFileType = sourcecode.swift; path = ViewController.swift; sourceTree = "<group>"; };
		87F53E6322B11AE400F1C591 /* Base */ = {isa = PBXFileReference; lastKnownFileType = file.storyboard; name = Base; path = Base.lproj/Main.storyboard; sourceTree = "<group>"; };
		87F53E6522B11AE700F1C591 /* Assets.xcassets */ = {isa = PBXFileReference; lastKnownFileType = folder.assetcatalog; path = Assets.xcassets; sourceTree = "<group>"; };
		87F53E6822B11AE700F1C591 /* Base */ = {isa = PBXFileReference; lastKnownFileType = file.storyboard; name = Base; path = Base.lproj/LaunchScreen.storyboard; sourceTree = "<group>"; };
		87F53E6A22B11AE700F1C591 /* Info.plist */ = {isa = PBXFileReference; lastKnownFileType = text.plist.xml; path = Info.plist; sourceTree = "<group>"; };
		87F53E7022B1374600F1C591 /* WeatherModel.swift */ = {isa = PBXFileReference; lastKnownFileType = sourcecode.swift; path = WeatherModel.swift; sourceTree = "<group>"; };
		9F8344EDAAF8A11384F4C54C /* Pods_IDEA_WeatherApp.framework */ = {isa = PBXFileReference; explicitFileType = wrapper.framework; includeInIndex = 0; path = Pods_IDEA_WeatherApp.framework; sourceTree = BUILT_PRODUCTS_DIR; };
		C28D45150FE8D3EB4A18EDD9 /* Pods-IDEA_WeatherApp.release.xcconfig */ = {isa = PBXFileReference; includeInIndex = 1; lastKnownFileType = text.xcconfig; name = "Pods-IDEA_WeatherApp.release.xcconfig"; path = "Pods/Target Support Files/Pods-IDEA_WeatherApp/Pods-IDEA_WeatherApp.release.xcconfig"; sourceTree = "<group>"; };
/* End PBXFileReference section */

/* Begin PBXFrameworksBuildPhase section */
		87F53E5822B11AE400F1C591 /* Frameworks */ = {
			isa = PBXFrameworksBuildPhase;
			buildActionMask = 2147483647;
			files = (
				046741052C9C203AE87C9B40 /* Pods_IDEA_WeatherApp.framework in Frameworks */,
			);
			runOnlyForDeploymentPostprocessing = 0;
		};
/* End PBXFrameworksBuildPhase section */

/* Begin PBXGroup section */
		41F2B32372CC72A0E21CA7FC /* Pods */ = {
			isa = PBXGroup;
			children = (
				7E007607D57AC99BD3793072 /* Pods-IDEA_WeatherApp.debug.xcconfig */,
				C28D45150FE8D3EB4A18EDD9 /* Pods-IDEA_WeatherApp.release.xcconfig */,
			);
			name = Pods;
			sourceTree = "<group>";
		};
		87F53E5222B11AE400F1C591 = {
			isa = PBXGroup;
			children = (
				87F53E5D22B11AE400F1C591 /* IDEA_WeatherApp */,
				87F53E5C22B11AE400F1C591 /* Products */,
				41F2B32372CC72A0E21CA7FC /* Pods */,
				D14A6AB4FEF1C0179DF94993 /* Frameworks */,
			);
			sourceTree = "<group>";
		};
		87F53E5C22B11AE400F1C591 /* Products */ = {
			isa = PBXGroup;
			children = (
				87F53E5B22B11AE400F1C591 /* IDEA_WeatherApp.app */,
			);
			name = Products;
			sourceTree = "<group>";
		};
		87F53E5D22B11AE400F1C591 /* IDEA_WeatherApp */ = {
			isa = PBXGroup;
			children = (
				87F53E5E22B11AE400F1C591 /* AppDelegate.swift */,
				87F53E6022B11AE400F1C591 /* ViewController.swift */,
				87F53E7022B1374600F1C591 /* WeatherModel.swift */,
				87F53E6222B11AE400F1C591 /* Main.storyboard */,
				87F53E6522B11AE700F1C591 /* Assets.xcassets */,
				87F53E6722B11AE700F1C591 /* LaunchScreen.storyboard */,
				87F53E6A22B11AE700F1C591 /* Info.plist */,
			);
			path = IDEA_WeatherApp;
			sourceTree = "<group>";
		};
		D14A6AB4FEF1C0179DF94993 /* Frameworks */ = {
			isa = PBXGroup;
			children = (
				9F8344EDAAF8A11384F4C54C /* Pods_IDEA_WeatherApp.framework */,
			);
			name = Frameworks;
			sourceTree = "<group>";
		};
/* End PBXGroup section */

/* Begin PBXNativeTarget section */
		87F53E5A22B11AE400F1C591 /* IDEA_WeatherApp */ = {
			isa = PBXNativeTarget;
			buildConfigurationList = 87F53E6D22B11AE700F1C591 /* Build configuration list for PBXNativeTarget "IDEA_WeatherApp" */;
			buildPhases = (
				60D974A8021C65FF35E8E826 /* [CP] Check Pods Manifest.lock */,
				87F53E5722B11AE400F1C591 /* Sources */,
				87F53E5822B11AE400F1C591 /* Frameworks */,
				87F53E5922B11AE400F1C591 /* Resources */,
				D194D819967E4BCAC3C2B9B1 /* [CP] Embed Pods Frameworks */,
			);
			buildRules = (
			);
			dependencies = (
			);
			name = IDEA_WeatherApp;
			productName = IDEA_WeatherApp;
			productReference = 87F53E5B22B11AE400F1C591 /* IDEA_WeatherApp.app */;
			productType = "com.apple.product-type.application";
		};
/* End PBXNativeTarget section */

/* Begin PBXProject section */
		87F53E5322B11AE400F1C591 /* Project object */ = {
			isa = PBXProject;
			attributes = {
				LastSwiftUpdateCheck = 1020;
				LastUpgradeCheck = 1020;
				ORGANIZATIONNAME = "Omar Adel";
				TargetAttributes = {
					87F53E5A22B11AE400F1C591 = {
						CreatedOnToolsVersion = 10.2;
					};
				};
			};
			buildConfigurationList = 87F53E5622B11AE400F1C591 /* Build configuration list for PBXProject "IDEA_WeatherApp" */;
			compatibilityVersion = "Xcode 9.3";
			developmentRegion = en;
			hasScannedForEncodings = 0;
			knownRegions = (
				en,
				Base,
			);
			mainGroup = 87F53E5222B11AE400F1C591;
			productRefGroup = 87F53E5C22B11AE400F1C591 /* Products */;
			projectDirPath = "";
			projectRoot = "";
			targets = (
				87F53E5A22B11AE400F1C591 /* IDEA_WeatherApp */,
			);
		};
/* End PBXProject section */

/* Begin PBXResourcesBuildPhase section */
		87F53E5922B11AE400F1C591 /* Resources */ = {
			isa = PBXResourcesBuildPhase;
			buildActionMask = 2147483647;
			files = (
				87F53E6922B11AE700F1C591 /* LaunchScreen.storyboard in Resources */,
				87F53E6622B11AE700F1C591 /* Assets.xcassets in Resources */,
				87F53E6422B11AE400F1C591 /* Main.storyboard in Resources */,
			);
			runOnlyForDeploymentPostprocessing = 0;
		};
/* End PBXResourcesBuildPhase section */

/* Begin PBXShellScriptBuildPhase section */
		60D974A8021C65FF35E8E826 /* [CP] Check Pods Manifest.lock */ = {
			isa = PBXShellScriptBuildPhase;
			buildActionMask = 2147483647;
			files = (
			);
			inputPaths = (
				"${PODS_PODFILE_DIR_PATH}/Podfile.lock",
				"${PODS_ROOT}/Manifest.lock",
			);
			name = "[CP] Check Pods Manifest.lock";
			outputPaths = (
				"$(DERIVED_FILE_DIR)/Pods-IDEA_WeatherApp-checkManifestLockResult.txt",
			);
			runOnlyForDeploymentPostprocessing = 0;
			shellPath = /bin/sh;
			shellScript = "diff \"${PODS_PODFILE_DIR_PATH}/Podfile.lock\" \"${PODS_ROOT}/Manifest.lock\" > /dev/null\nif [ $? != 0 ] ; then\n    # print error to STDERR\n    echo \"error: The sandbox is not in sync with the Podfile.lock. Run 'pod install' or update your CocoaPods installation.\" >&2\n    exit 1\nfi\n# This output is used by Xcode 'outputs' to avoid re-running this script phase.\necho \"SUCCESS\" > \"${SCRIPT_OUTPUT_FILE_0}\"\n";
			showEnvVarsInLog = 0;
		};
		D194D819967E4BCAC3C2B9B1 /* [CP] Embed Pods Frameworks */ = {
			isa = PBXShellScriptBuildPhase;
			buildActionMask = 2147483647;
			files = (
			);
			inputPaths = (
				"${SRCROOT}/Pods/Target Support Files/Pods-IDEA_WeatherApp/Pods-IDEA_WeatherApp-frameworks.sh",
				"${BUILT_PRODUCTS_DIR}/Alamofire/Alamofire.framework",
				"${BUILT_PRODUCTS_DIR}/Kingfisher/Kingfisher.framework",
			);
			name = "[CP] Embed Pods Frameworks";
			outputPaths = (
				"${TARGET_BUILD_DIR}/${FRAMEWORKS_FOLDER_PATH}/Alamofire.framework",
				"${TARGET_BUILD_DIR}/${FRAMEWORKS_FOLDER_PATH}/Kingfisher.framework",
			);
			runOnlyForDeploymentPostprocessing = 0;
			shellPath = /bin/sh;
			shellScript = "\"${SRCROOT}/Pods/Target Support Files/Pods-IDEA_WeatherApp/Pods-IDEA_WeatherApp-frameworks.sh\"\n";
			showEnvVarsInLog = 0;
		};
/* End PBXShellScriptBuildPhase section */

/* Begin PBXSourcesBuildPhase section */
		87F53E5722B11AE400F1C591 /* Sources */ = {
			isa = PBXSourcesBuildPhase;
			buildActionMask = 2147483647;
			files = (
				87F53E6122B11AE400F1C591 /* ViewController.swift in Sources */,
				87F53E7122B1374600F1C591 /* WeatherModel.swift in Sources */,
				87F53E5F22B11AE400F1C591 /* AppDelegate.swift in Sources */,
			);
			runOnlyForDeploymentPostprocessing = 0;
		};
/* End PBXSourcesBuildPhase section */

/* Begin PBXVariantGroup section */
		87F53E6222B11AE400F1C591 /* Main.storyboard */ = {
			isa = PBXVariantGroup;
			children = (
				87F53E6322B11AE400F1C591 /* Base */,
			);
			name = Main.storyboard;
			sourceTree = "<group>";
		};
		87F53E6722B11AE700F1C591 /* LaunchScreen.storyboard */ = {
			isa = PBXVariantGroup;
			children = (
				87F53E6822B11AE700F1C591 /* Base */,
			);
			name = LaunchScreen.storyboard;
			sourceTree = "<group>";
		};
/* End PBXVariantGroup section */

/* Begin XCBuildConfiguration section */
		87F53E6B22B11AE700F1C591 /* Debug */ = {
			isa = XCBuildConfiguration;
			buildSettings = {
				ALWAYS_SEARCH_USER_PATHS = NO;
				CLANG_ANALYZER_NONNULL = YES;
				CLANG_ANALYZER_NUMBER_OBJECT_CONVERSION = YES_AGGRESSIVE;
				CLANG_CXX_LANGUAGE_STANDARD = "gnu++14";
				CLANG_CXX_LIBRARY = "libc++";
				CLANG_ENABLE_MODULES = YES;
				CLANG_ENABLE_OBJC_ARC = YES;
				CLANG_ENABLE_OBJC_WEAK = YES;
				CLANG_WARN_BLOCK_CAPTURE_AUTORELEASING = YES;
				CLANG_WARN_BOOL_CONVERSION = YES;
				CLANG_WARN_COMMA = YES;
				CLANG_WARN_CONSTANT_CONVERSION = YES;
				CLANG_WARN_DEPRECATED_OBJC_IMPLEMENTATIONS = YES;
				CLANG_WARN_DIRECT_OBJC_ISA_USAGE = YES_ERROR;
				CLANG_WARN_DOCUMENTATION_COMMENTS = YES;
				CLANG_WARN_EMPTY_BODY = YES;
				CLANG_WARN_ENUM_CONVERSION = YES;
				CLANG_WARN_INFINITE_RECURSION = YES;
				CLANG_WARN_INT_CONVERSION = YES;
				CLANG_WARN_NON_LITERAL_NULL_CONVERSION = YES;
				CLANG_WARN_OBJC_IMPLICIT_RETAIN_SELF = YES;
				CLANG_WARN_OBJC_LITERAL_CONVERSION = YES;
				CLANG_WARN_OBJC_ROOT_CLASS = YES_ERROR;
				CLANG_WARN_RANGE_LOOP_ANALYSIS = YES;
				CLANG_WARN_STRICT_PROTOTYPES = YES;
				CLANG_WARN_SUSPICIOUS_MOVE = YES;
				CLANG_WARN_UNGUARDED_AVAILABILITY = YES_AGGRESSIVE;
				CLANG_WARN_UNREACHABLE_CODE = YES;
				CLANG_WARN__DUPLICATE_METHOD_MATCH = YES;
				CODE_SIGN_IDENTITY = "iPhone Developer";
				COPY_PHASE_STRIP = NO;
				DEBUG_INFORMATION_FORMAT = dwarf;
				ENABLE_STRICT_OBJC_MSGSEND = YES;
				ENABLE_TESTABILITY = YES;
				GCC_C_LANGUAGE_STANDARD = gnu11;
				GCC_DYNAMIC_NO_PIC = NO;
				GCC_NO_COMMON_BLOCKS = YES;
				GCC_OPTIMIZATION_LEVEL = 0;
				GCC_PREPROCESSOR_DEFINITIONS = (
					"DEBUG=1",
					"$(inherited)",
				);
				GCC_WARN_64_TO_32_BIT_CONVERSION = YES;
				GCC_WARN_ABOUT_RETURN_TYPE = YES_ERROR;
				GCC_WARN_UNDECLARED_SELECTOR = YES;
				GCC_WARN_UNINITIALIZED_AUTOS = YES_AGGRESSIVE;
				GCC_WARN_UNUSED_FUNCTION = YES;
				GCC_WARN_UNUSED_VARIABLE = YES;
				IPHONEOS_DEPLOYMENT_TARGET = 12.2;
				MTL_ENABLE_DEBUG_INFO = INCLUDE_SOURCE;
				MTL_FAST_MATH = YES;
				ONLY_ACTIVE_ARCH = YES;
				SDKROOT = iphoneos;
				SWIFT_ACTIVE_COMPILATION_CONDITIONS = DEBUG;
				SWIFT_OPTIMIZATION_LEVEL = "-Onone";
			};
			name = Debug;
		};
		87F53E6C22B11AE700F1C591 /* Release */ = {
			isa = XCBuildConfiguration;
			buildSettings = {
				ALWAYS_SEARCH_USER_PATHS = NO;
				CLANG_ANALYZER_NONNULL = YES;
				CLANG_ANALYZER_NUMBER_OBJECT_CONVERSION = YES_AGGRESSIVE;
				CLANG_CXX_LANGUAGE_STANDARD = "gnu++14";
				CLANG_CXX_LIBRARY = "libc++";
				CLANG_ENABLE_MODULES = YES;
				CLANG_ENABLE_OBJC_ARC = YES;
				CLANG_ENABLE_OBJC_WEAK = YES;
				CLANG_WARN_BLOCK_CAPTURE_AUTORELEASING = YES;
				CLANG_WARN_BOOL_CONVERSION = YES;
				CLANG_WARN_COMMA = YES;
				CLANG_WARN_CONSTANT_CONVERSION = YES;
				CLANG_WARN_DEPRECATED_OBJC_IMPLEMENTATIONS = YES;
				CLANG_WARN_DIRECT_OBJC_ISA_USAGE = YES_ERROR;
				CLANG_WARN_DOCUMENTATION_COMMENTS = YES;
				CLANG_WARN_EMPTY_BODY = YES;
				CLANG_WARN_ENUM_CONVERSION = YES;
				CLANG_WARN_INFINITE_RECURSION = YES;
				CLANG_WARN_INT_CONVERSION = YES;
				CLANG_WARN_NON_LITERAL_NULL_CONVERSION = YES;
				CLANG_WARN_OBJC_IMPLICIT_RETAIN_SELF = YES;
				CLANG_WARN_OBJC_LITERAL_CONVERSION = YES;
				CLANG_WARN_OBJC_ROOT_CLASS = YES_ERROR;
				CLANG_WARN_RANGE_LOOP_ANALYSIS = YES;
				CLANG_WARN_STRICT_PROTOTYPES = YES;
				CLANG_WARN_SUSPICIOUS_MOVE = YES;
				CLANG_WARN_UNGUARDED_AVAILABILITY = YES_AGGRESSIVE;
				CLANG_WARN_UNREACHABLE_CODE = YES;
				CLANG_WARN__DUPLICATE_METHOD_MATCH = YES;
				CODE_SIGN_IDENTITY = "iPhone Developer";
				COPY_PHASE_STRIP = NO;
				DEBUG_INFORMATION_FORMAT = "dwarf-with-dsym";
				ENABLE_NS_ASSERTIONS = NO;
				ENABLE_STRICT_OBJC_MSGSEND = YES;
				GCC_C_LANGUAGE_STANDARD = gnu11;
				GCC_NO_COMMON_BLOCKS = YES;
				GCC_WARN_64_TO_32_BIT_CONVERSION = YES;
				GCC_WARN_ABOUT_RETURN_TYPE = YES_ERROR;
				GCC_WARN_UNDECLARED_SELECTOR = YES;
				GCC_WARN_UNINITIALIZED_AUTOS = YES_AGGRESSIVE;
				GCC_WARN_UNUSED_FUNCTION = YES;
				GCC_WARN_UNUSED_VARIABLE = YES;
				IPHONEOS_DEPLOYMENT_TARGET = 12.2;
				MTL_ENABLE_DEBUG_INFO = NO;
				MTL_FAST_MATH = YES;
				SDKROOT = iphoneos;
				SWIFT_COMPILATION_MODE = wholemodule;
				SWIFT_OPTIMIZATION_LEVEL = "-O";
				VALIDATE_PRODUCT = YES;
			};
			name = Release;
		};
		87F53E6E22B11AE700F1C591 /* Debug */ = {
			isa = XCBuildConfiguration;
			baseConfigurationReference = 7E007607D57AC99BD3793072 /* Pods-IDEA_WeatherApp.debug.xcconfig */;
			buildSettings = {
				ASSETCATALOG_COMPILER_APPICON_NAME = "AppIcon-1";
				CODE_SIGN_STYLE = Automatic;
				DEVELOPMENT_TEAM = R276Q56KP2;
				INFOPLIST_FILE = IDEA_WeatherApp/Info.plist;
				LD_RUNPATH_SEARCH_PATHS = (
					"$(inherited)",
					"@executable_path/Frameworks",
				);
				PRODUCT_BUNDLE_IDENTIFIER = "com.oadl.IDEA-WeatherApp";
				PRODUCT_NAME = "$(TARGET_NAME)";
				SWIFT_VERSION = 5.0;
				TARGETED_DEVICE_FAMILY = "1,2";
			};
			name = Debug;
		};
		87F53E6F22B11AE700F1C591 /* Release */ = {
			isa = XCBuildConfiguration;
			baseConfigurationReference = C28D45150FE8D3EB4A18EDD9 /* Pods-IDEA_WeatherApp.release.xcconfig */;
			buildSettings = {
				ASSETCATALOG_COMPILER_APPICON_NAME = "AppIcon-1";
				CODE_SIGN_STYLE = Automatic;
				DEVELOPMENT_TEAM = R276Q56KP2;
				INFOPLIST_FILE = IDEA_WeatherApp/Info.plist;
				LD_RUNPATH_SEARCH_PATHS = (
					"$(inherited)",
					"@executable_path/Frameworks",
				);
				PRODUCT_BUNDLE_IDENTIFIER = "com.oadl.IDEA-WeatherApp";
				PRODUCT_NAME = "$(TARGET_NAME)";
				SWIFT_VERSION = 5.0;
				TARGETED_DEVICE_FAMILY = "1,2";
			};
			name = Release;
		};
/* End XCBuildConfiguration section */

/* Begin XCConfigurationList section */
		87F53E5622B11AE400F1C591 /* Build configuration list for PBXProject "IDEA_WeatherApp" */ = {
			isa = XCConfigurationList;
			buildConfigurations = (
				87F53E6B22B11AE700F1C591 /* Debug */,
				87F53E6C22B11AE700F1C591 /* Release */,
			);
			defaultConfigurationIsVisible = 0;
			defaultConfigurationName = Release;
		};
		87F53E6D22B11AE700F1C591 /* Build configuration list for PBXNativeTarget "IDEA_WeatherApp" */ = {
			isa = XCConfigurationList;
			buildConfigurations = (
				87F53E6E22B11AE700F1C591 /* Debug */,
				87F53E6F22B11AE700F1C591 /* Release */,
			);
			defaultConfigurationIsVisible = 0;
			defaultConfigurationName = Release;
		};
/* End XCConfigurationList section */
	};
	rootObject = 87F53E5322B11AE400F1C591 /* Project object */;
}
